Microsoft Visual Studio Solution File, Format Version 11.00
# Visual Studio 2008

Project("{0361CAAC-C67D-ACC8-33ED-D4EC9765CC1F}") = "projectVykingRepo", "Assembly-CSharp.csproj", "{11598F42-9F1D-16BA-58EF-C849A3BE45A3}"
EndProject
Global
	GlobalSection(SolutionConfigurationPlatforms) = preSolution
		Debug|Any CPU = Debug|Any CPU
		Release|Any CPU = Release|Any CPU
	EndGlobalSection
	GlobalSection(ProjectConfigurationPlatforms) = postSolution
		{11598F42-9F1D-16BA-58EF-C849A3BE45A3}.Debug|Any CPU.ActiveCfg = Debug|Any CPU
		{11598F42-9F1D-16BA-58EF-C849A3BE45A3}.Debug|Any CPU.Build.0 = Debug|Any CPU
		{11598F42-9F1D-16BA-58EF-C849A3BE45A3}.Release|Any CPU.ActiveCfg = Release|Any CPU
		{11598F42-9F1D-16BA-58EF-C849A3BE45A3}.Release|Any CPU.Build.0 = Release|Any CPU
	EndGlobalSection
	GlobalSection(SolutionProperties) = preSolution
		HideSolutionNode = FALSE
	EndGlobalSection
	GlobalSection(MonoDevelopProperties) = preSolution
		StartupItem = Assembly-CSharp.csproj
	EndGlobalSection
EndGlobal
